// !$*UTF8*$!
{
	archiveVersion = 1;
	classes = {
	};
	objectVersion = 55;
	objects = {

/* Begin PBXBuildFile section */
		1569CD6A27FF210E00DAEA4C /* questionStructure.swift in Sources */ = {isa = PBXBuildFile; fileRef = 1569CD6927FF210E00DAEA4C /* questionStructure.swift */; };
		1569CD6C27FF215300DAEA4C /* questionStructureRead.swift in Sources */ = {isa = PBXBuildFile; fileRef = 1569CD6B27FF215300DAEA4C /* questionStructureRead.swift */; };
		1569CD6E27FF216F00DAEA4C /* questionFeederNum.swift in Sources */ = {isa = PBXBuildFile; fileRef = 1569CD6D27FF216F00DAEA4C /* questionFeederNum.swift */; };
		1569CD7027FF218600DAEA4C /* questionFeederProb.swift in Sources */ = {isa = PBXBuildFile; fileRef = 1569CD6F27FF218600DAEA4C /* questionFeederProb.swift */; };
		1569CD7227FF21A400DAEA4C /* questionFeederCrit.swift in Sources */ = {isa = PBXBuildFile; fileRef = 1569CD7127FF21A400DAEA4C /* questionFeederCrit.swift */; };
		15BA4D252805634300C409D3 /* WelcomepageViewController.swift in Sources */ = {isa = PBXBuildFile; fileRef = 15BA4D242805634300C409D3 /* WelcomepageViewController.swift */; };
		15BA4D27280563EA00C409D3 /* SettingsViewController.swift in Sources */ = {isa = PBXBuildFile; fileRef = 15BA4D26280563EA00C409D3 /* SettingsViewController.swift */; };
		15BA4D2C2805D3F400C409D3 /* SnapKit in Frameworks */ = {isa = PBXBuildFile; productRef = 15BA4D2B2805D3F400C409D3 /* SnapKit */; };
		498D5FBA28002D8700F80C79 /* .gitignore in Resources */ = {isa = PBXBuildFile; fileRef = 498D5FB928002D8700F80C79 /* .gitignore */; };
		49BC74AD27FF1B4600F8E614 /* AppDelegate.swift in Sources */ = {isa = PBXBuildFile; fileRef = 49BC74AC27FF1B4600F8E614 /* AppDelegate.swift */; };
		49BC74AF27FF1B4600F8E614 /* SceneDelegate.swift in Sources */ = {isa = PBXBuildFile; fileRef = 49BC74AE27FF1B4600F8E614 /* SceneDelegate.swift */; };
		49BC74B127FF1B4600F8E614 /* ViewController.swift in Sources */ = {isa = PBXBuildFile; fileRef = 49BC74B027FF1B4600F8E614 /* ViewController.swift */; };
		49BC74B427FF1B4600F8E614 /* Main.storyboard in Resources */ = {isa = PBXBuildFile; fileRef = 49BC74B227FF1B4600F8E614 /* Main.storyboard */; };
		49BC74B627FF1B4700F8E614 /* Assets.xcassets in Resources */ = {isa = PBXBuildFile; fileRef = 49BC74B527FF1B4700F8E614 /* Assets.xcassets */; };
		49BC74B927FF1B4700F8E614 /* LaunchScreen.storyboard in Resources */ = {isa = PBXBuildFile; fileRef = 49BC74B727FF1B4700F8E614 /* LaunchScreen.storyboard */; };
		AFECDA54280581DB00F76D78 /* QuestionImageCell.swift in Sources */ = {isa = PBXBuildFile; fileRef = AFECDA53280581DB00F76D78 /* QuestionImageCell.swift */; };
		AFECF0D82800749600305FEB /* TutorialStoryboard.storyboard in Resources */ = {isa = PBXBuildFile; fileRef = AFECF0D72800749600305FEB /* TutorialStoryboard.storyboard */; };
		AFECF0DA280074B700305FEB /* TutorialController.swift in Sources */ = {isa = PBXBuildFile; fileRef = AFECF0D9280074B700305FEB /* TutorialController.swift */; };
		A19A056D280091340087843F /* ModuleCollectionViewCell.swift in Sources */ = {isa = PBXBuildFile; fileRef = A19A056C280091340087843F /* ModuleCollectionViewCell.swift */; };
/* End PBXBuildFile section */

/* Begin PBXFileReference section */
		1569CD6927FF210E00DAEA4C /* questionStructure.swift */ = {isa = PBXFileReference; lastKnownFileType = sourcecode.swift; path = questionStructure.swift; sourceTree = "<group>"; };
		1569CD6B27FF215300DAEA4C /* questionStructureRead.swift */ = {isa = PBXFileReference; lastKnownFileType = sourcecode.swift; path = questionStructureRead.swift; sourceTree = "<group>"; };
		1569CD6D27FF216F00DAEA4C /* questionFeederNum.swift */ = {isa = PBXFileReference; lastKnownFileType = sourcecode.swift; path = questionFeederNum.swift; sourceTree = "<group>"; };
		1569CD6F27FF218600DAEA4C /* questionFeederProb.swift */ = {isa = PBXFileReference; lastKnownFileType = sourcecode.swift; path = questionFeederProb.swift; sourceTree = "<group>"; };
		1569CD7127FF21A400DAEA4C /* questionFeederCrit.swift */ = {isa = PBXFileReference; lastKnownFileType = sourcecode.swift; path = questionFeederCrit.swift; sourceTree = "<group>"; };
		15BA4D242805634300C409D3 /* WelcomepageViewController.swift */ = {isa = PBXFileReference; lastKnownFileType = sourcecode.swift; path = WelcomepageViewController.swift; sourceTree = "<group>"; };
		15BA4D26280563EA00C409D3 /* SettingsViewController.swift */ = {isa = PBXFileReference; lastKnownFileType = sourcecode.swift; path = SettingsViewController.swift; sourceTree = "<group>"; };
		498D5FB928002D8700F80C79 /* .gitignore */ = {isa = PBXFileReference; lastKnownFileType = text; path = .gitignore; sourceTree = "<group>"; };
		49BC74A927FF1B4600F8E614 /* abilitea.app */ = {isa = PBXFileReference; explicitFileType = wrapper.application; includeInIndex = 0; path = abilitea.app; sourceTree = BUILT_PRODUCTS_DIR; };
		49BC74AC27FF1B4600F8E614 /* AppDelegate.swift */ = {isa = PBXFileReference; lastKnownFileType = sourcecode.swift; path = AppDelegate.swift; sourceTree = "<group>"; };
		49BC74AE27FF1B4600F8E614 /* SceneDelegate.swift */ = {isa = PBXFileReference; lastKnownFileType = sourcecode.swift; path = SceneDelegate.swift; sourceTree = "<group>"; };
		49BC74B027FF1B4600F8E614 /* ViewController.swift */ = {isa = PBXFileReference; lastKnownFileType = sourcecode.swift; path = ViewController.swift; sourceTree = "<group>"; };
		49BC74B327FF1B4600F8E614 /* Base */ = {isa = PBXFileReference; lastKnownFileType = file.storyboard; name = Base; path = Base.lproj/Main.storyboard; sourceTree = "<group>"; };
		49BC74B527FF1B4700F8E614 /* Assets.xcassets */ = {isa = PBXFileReference; lastKnownFileType = folder.assetcatalog; path = Assets.xcassets; sourceTree = "<group>"; };
		49BC74B827FF1B4700F8E614 /* Base */ = {isa = PBXFileReference; lastKnownFileType = file.storyboard; name = Base; path = Base.lproj/LaunchScreen.storyboard; sourceTree = "<group>"; };
		49BC74BA27FF1B4700F8E614 /* Info.plist */ = {isa = PBXFileReference; lastKnownFileType = text.plist.xml; path = Info.plist; sourceTree = "<group>"; };
		AFECDA53280581DB00F76D78 /* QuestionImageCell.swift */ = {isa = PBXFileReference; lastKnownFileType = sourcecode.swift; path = QuestionImageCell.swift; sourceTree = "<group>"; };
		AFECF0D72800749600305FEB /* TutorialStoryboard.storyboard */ = {isa = PBXFileReference; lastKnownFileType = file.storyboard; path = TutorialStoryboard.storyboard; sourceTree = "<group>"; };
		AFECF0D9280074B700305FEB /* TutorialController.swift */ = {isa = PBXFileReference; lastKnownFileType = sourcecode.swift; path = TutorialController.swift; sourceTree = "<group>"; };
		A19A056C280091340087843F /* ModuleCollectionViewCell.swift */ = {isa = PBXFileReference; lastKnownFileType = sourcecode.swift; path = ModuleCollectionViewCell.swift; sourceTree = "<group>"; };
/* End PBXFileReference section */

/* Begin PBXFrameworksBuildPhase section */
		49BC74A627FF1B4600F8E614 /* Frameworks */ = {
			isa = PBXFrameworksBuildPhase;
			buildActionMask = 2147483647;
			files = (
				15BA4D2C2805D3F400C409D3 /* SnapKit in Frameworks */,
			);
			runOnlyForDeploymentPostprocessing = 0;
		};
/* End PBXFrameworksBuildPhase section */

/* Begin PBXGroup section */
		497033C2280019B90064E36F /* Models */ = {
			isa = PBXGroup;
			children = (
				1569CD6927FF210E00DAEA4C /* questionStructure.swift */,
				1569CD6B27FF215300DAEA4C /* questionStructureRead.swift */,
				1569CD6D27FF216F00DAEA4C /* questionFeederNum.swift */,
				1569CD6F27FF218600DAEA4C /* questionFeederProb.swift */,
				1569CD7127FF21A400DAEA4C /* questionFeederCrit.swift */,
			);
			path = Models;
			sourceTree = "<group>";
		};
		497033C3280019BF0064E36F /* Controller */ = {
			isa = PBXGroup;
			children = (
				15BA4D26280563EA00C409D3 /* SettingsViewController.swift */,
				A19A056C280091340087843F /* ModuleCollectionViewCell.swift */,
				49BC74B027FF1B4600F8E614 /* ViewController.swift */,
				15BA4D242805634300C409D3 /* WelcomepageViewController.swift */,
				AFECF0D9280074B700305FEB /* TutorialController.swift */,
			);
			path = Controller;
			sourceTree = "<group>";
		};
		497033C4280019C80064E36F /* System */ = {
			isa = PBXGroup;
			children = (
				49BC74AC27FF1B4600F8E614 /* AppDelegate.swift */,
				49BC74AE27FF1B4600F8E614 /* SceneDelegate.swift */,
				49BC74B527FF1B4700F8E614 /* Assets.xcassets */,
				49BC74B727FF1B4700F8E614 /* LaunchScreen.storyboard */,
				49BC74BA27FF1B4700F8E614 /* Info.plist */,
			);
			path = System;
			sourceTree = "<group>";
		};
		49BC74A027FF1B4600F8E614 = {
			isa = PBXGroup;
			children = (
				498D5FB928002D8700F80C79 /* .gitignore */,
				49BC74AB27FF1B4600F8E614 /* abilitea */,
				49BC74AA27FF1B4600F8E614 /* Products */,
			);
			sourceTree = "<group>";
		};
		49BC74AA27FF1B4600F8E614 /* Products */ = {
			isa = PBXGroup;
			children = (
				49BC74A927FF1B4600F8E614 /* abilitea.app */,
			);
			name = Products;
			sourceTree = "<group>";
		};
		49BC74AB27FF1B4600F8E614 /* abilitea */ = {
			isa = PBXGroup;
			children = (
				497033C3280019BF0064E36F /* Controller */,
				497033C2280019B90064E36F /* Models */,
				497033C4280019C80064E36F /* System */,
				49BC74B227FF1B4600F8E614 /* Main.storyboard */,
				AFECF0D72800749600305FEB /* TutorialStoryboard.storyboard */,
				AFECDA53280581DB00F76D78 /* QuestionImageCell.swift */,
			);
			path = abilitea;
			sourceTree = "<group>";
		};
/* End PBXGroup section */

/* Begin PBXNativeTarget section */
		49BC74A827FF1B4600F8E614 /* abilitea */ = {
			isa = PBXNativeTarget;
			buildConfigurationList = 49BC74BD27FF1B4700F8E614 /* Build configuration list for PBXNativeTarget "abilitea" */;
			buildPhases = (
				49BC74A527FF1B4600F8E614 /* Sources */,
				49BC74A627FF1B4600F8E614 /* Frameworks */,
				49BC74A727FF1B4600F8E614 /* Resources */,
			);
			buildRules = (
			);
			dependencies = (
			);
			name = abilitea;
			packageProductDependencies = (
				15BA4D2B2805D3F400C409D3 /* SnapKit */,
			);
			productName = abilitea;
			productReference = 49BC74A927FF1B4600F8E614 /* abilitea.app */;
			productType = "com.apple.product-type.application";
		};
/* End PBXNativeTarget section */

/* Begin PBXProject section */
		49BC74A127FF1B4600F8E614 /* Project object */ = {
			isa = PBXProject;
			attributes = {
				BuildIndependentTargetsInParallel = 1;
				LastSwiftUpdateCheck = 1320;
				LastUpgradeCheck = 1320;
				TargetAttributes = {
					49BC74A827FF1B4600F8E614 = {
						CreatedOnToolsVersion = 13.2.1;
					};
				};
			};
			buildConfigurationList = 49BC74A427FF1B4600F8E614 /* Build configuration list for PBXProject "abilitea" */;
			compatibilityVersion = "Xcode 13.0";
			developmentRegion = en;
			hasScannedForEncodings = 0;
			knownRegions = (
				en,
				Base,
			);
			mainGroup = 49BC74A027FF1B4600F8E614;
			packageReferences = (
				15BA4D2A2805D3F400C409D3 /* XCRemoteSwiftPackageReference "SnapKit" */,
			);
			productRefGroup = 49BC74AA27FF1B4600F8E614 /* Products */;
			projectDirPath = "";
			projectRoot = "";
			targets = (
				49BC74A827FF1B4600F8E614 /* abilitea */,
			);
		};
/* End PBXProject section */

/* Begin PBXResourcesBuildPhase section */
		49BC74A727FF1B4600F8E614 /* Resources */ = {
			isa = PBXResourcesBuildPhase;
			buildActionMask = 2147483647;
			files = (
				AFECF0D82800749600305FEB /* TutorialStoryboard.storyboard in Resources */,
				498D5FBA28002D8700F80C79 /* .gitignore in Resources */,
				49BC74B927FF1B4700F8E614 /* LaunchScreen.storyboard in Resources */,
				49BC74B627FF1B4700F8E614 /* Assets.xcassets in Resources */,
				49BC74B427FF1B4600F8E614 /* Main.storyboard in Resources */,
			);
			runOnlyForDeploymentPostprocessing = 0;
		};
/* End PBXResourcesBuildPhase section */

/* Begin PBXSourcesBuildPhase section */
		49BC74A527FF1B4600F8E614 /* Sources */ = {
			isa = PBXSourcesBuildPhase;
			buildActionMask = 2147483647;
			files = (
				15BA4D252805634300C409D3 /* WelcomepageViewController.swift in Sources */,
				1569CD7227FF21A400DAEA4C /* questionFeederCrit.swift in Sources */,
				15BA4D27280563EA00C409D3 /* SettingsViewController.swift in Sources */,
				AFECDA54280581DB00F76D78 /* QuestionImageCell.swift in Sources */,
				49BC74B127FF1B4600F8E614 /* ViewController.swift in Sources */,
				49BC74AD27FF1B4600F8E614 /* AppDelegate.swift in Sources */,
				1569CD7027FF218600DAEA4C /* questionFeederProb.swift in Sources */,
				1569CD6C27FF215300DAEA4C /* questionStructureRead.swift in Sources */,
				A19A056D280091340087843F /* ModuleCollectionViewCell.swift in Sources */,
				1569CD6E27FF216F00DAEA4C /* questionFeederNum.swift in Sources */,
				49BC74AF27FF1B4600F8E614 /* SceneDelegate.swift in Sources */,
				1569CD6A27FF210E00DAEA4C /* questionStructure.swift in Sources */,
				AFECF0DA280074B700305FEB /* TutorialController.swift in Sources */,
			);
			runOnlyForDeploymentPostprocessing = 0;
		};
/* End PBXSourcesBuildPhase section */

/* Begin PBXVariantGroup section */
		49BC74B227FF1B4600F8E614 /* Main.storyboard */ = {
			isa = PBXVariantGroup;
			children = (
				49BC74B327FF1B4600F8E614 /* Base */,
			);
			name = Main.storyboard;
			sourceTree = "<group>";
		};
		49BC74B727FF1B4700F8E614 /* LaunchScreen.storyboard */ = {
			isa = PBXVariantGroup;
			children = (
				49BC74B827FF1B4700F8E614 /* Base */,
			);
			name = LaunchScreen.storyboard;
			sourceTree = "<group>";
		};
/* End PBXVariantGroup section */

/* Begin XCBuildConfiguration section */
		49BC74BB27FF1B4700F8E614 /* Debug */ = {
			isa = XCBuildConfiguration;
			buildSettings = {
				ALWAYS_SEARCH_USER_PATHS = NO;
				CLANG_ANALYZER_NONNULL = YES;
				CLANG_ANALYZER_NUMBER_OBJECT_CONVERSION = YES_AGGRESSIVE;
				CLANG_CXX_LANGUAGE_STANDARD = "gnu++17";
				CLANG_CXX_LIBRARY = "libc++";
				CLANG_ENABLE_MODULES = YES;
				CLANG_ENABLE_OBJC_ARC = YES;
				CLANG_ENABLE_OBJC_WEAK = YES;
				CLANG_WARN_BLOCK_CAPTURE_AUTORELEASING = YES;
				CLANG_WARN_BOOL_CONVERSION = YES;
				CLANG_WARN_COMMA = YES;
				CLANG_WARN_CONSTANT_CONVERSION = YES;
				CLANG_WARN_DEPRECATED_OBJC_IMPLEMENTATIONS = YES;
				CLANG_WARN_DIRECT_OBJC_ISA_USAGE = YES_ERROR;
				CLANG_WARN_DOCUMENTATION_COMMENTS = YES;
				CLANG_WARN_EMPTY_BODY = YES;
				CLANG_WARN_ENUM_CONVERSION = YES;
				CLANG_WARN_INFINITE_RECURSION = YES;
				CLANG_WARN_INT_CONVERSION = YES;
				CLANG_WARN_NON_LITERAL_NULL_CONVERSION = YES;
				CLANG_WARN_OBJC_IMPLICIT_RETAIN_SELF = YES;
				CLANG_WARN_OBJC_LITERAL_CONVERSION = YES;
				CLANG_WARN_OBJC_ROOT_CLASS = YES_ERROR;
				CLANG_WARN_QUOTED_INCLUDE_IN_FRAMEWORK_HEADER = YES;
				CLANG_WARN_RANGE_LOOP_ANALYSIS = YES;
				CLANG_WARN_STRICT_PROTOTYPES = YES;
				CLANG_WARN_SUSPICIOUS_MOVE = YES;
				CLANG_WARN_UNGUARDED_AVAILABILITY = YES_AGGRESSIVE;
				CLANG_WARN_UNREACHABLE_CODE = YES;
				CLANG_WARN__DUPLICATE_METHOD_MATCH = YES;
				COPY_PHASE_STRIP = NO;
				DEBUG_INFORMATION_FORMAT = dwarf;
				ENABLE_STRICT_OBJC_MSGSEND = YES;
				ENABLE_TESTABILITY = YES;
				GCC_C_LANGUAGE_STANDARD = gnu11;
				GCC_DYNAMIC_NO_PIC = NO;
				GCC_NO_COMMON_BLOCKS = YES;
				GCC_OPTIMIZATION_LEVEL = 0;
				GCC_PREPROCESSOR_DEFINITIONS = (
					"DEBUG=1",
					"$(inherited)",
				);
				GCC_WARN_64_TO_32_BIT_CONVERSION = YES;
				GCC_WARN_ABOUT_RETURN_TYPE = YES_ERROR;
				GCC_WARN_UNDECLARED_SELECTOR = YES;
				GCC_WARN_UNINITIALIZED_AUTOS = YES_AGGRESSIVE;
				GCC_WARN_UNUSED_FUNCTION = YES;
				GCC_WARN_UNUSED_VARIABLE = YES;
				IPHONEOS_DEPLOYMENT_TARGET = 15.2;
				MTL_ENABLE_DEBUG_INFO = INCLUDE_SOURCE;
				MTL_FAST_MATH = YES;
				ONLY_ACTIVE_ARCH = YES;
				SDKROOT = iphoneos;
				SWIFT_ACTIVE_COMPILATION_CONDITIONS = DEBUG;
				SWIFT_OPTIMIZATION_LEVEL = "-Onone";
			};
			name = Debug;
		};
		49BC74BC27FF1B4700F8E614 /* Release */ = {
			isa = XCBuildConfiguration;
			buildSettings = {
				ALWAYS_SEARCH_USER_PATHS = NO;
				CLANG_ANALYZER_NONNULL = YES;
				CLANG_ANALYZER_NUMBER_OBJECT_CONVERSION = YES_AGGRESSIVE;
				CLANG_CXX_LANGUAGE_STANDARD = "gnu++17";
				CLANG_CXX_LIBRARY = "libc++";
				CLANG_ENABLE_MODULES = YES;
				CLANG_ENABLE_OBJC_ARC = YES;
				CLANG_ENABLE_OBJC_WEAK = YES;
				CLANG_WARN_BLOCK_CAPTURE_AUTORELEASING = YES;
				CLANG_WARN_BOOL_CONVERSION = YES;
				CLANG_WARN_COMMA = YES;
				CLANG_WARN_CONSTANT_CONVERSION = YES;
				CLANG_WARN_DEPRECATED_OBJC_IMPLEMENTATIONS = YES;
				CLANG_WARN_DIRECT_OBJC_ISA_USAGE = YES_ERROR;
				CLANG_WARN_DOCUMENTATION_COMMENTS = YES;
				CLANG_WARN_EMPTY_BODY = YES;
				CLANG_WARN_ENUM_CONVERSION = YES;
				CLANG_WARN_INFINITE_RECURSION = YES;
				CLANG_WARN_INT_CONVERSION = YES;
				CLANG_WARN_NON_LITERAL_NULL_CONVERSION = YES;
				CLANG_WARN_OBJC_IMPLICIT_RETAIN_SELF = YES;
				CLANG_WARN_OBJC_LITERAL_CONVERSION = YES;
				CLANG_WARN_OBJC_ROOT_CLASS = YES_ERROR;
				CLANG_WARN_QUOTED_INCLUDE_IN_FRAMEWORK_HEADER = YES;
				CLANG_WARN_RANGE_LOOP_ANALYSIS = YES;
				CLANG_WARN_STRICT_PROTOTYPES = YES;
				CLANG_WARN_SUSPICIOUS_MOVE = YES;
				CLANG_WARN_UNGUARDED_AVAILABILITY = YES_AGGRESSIVE;
				CLANG_WARN_UNREACHABLE_CODE = YES;
				CLANG_WARN__DUPLICATE_METHOD_MATCH = YES;
				COPY_PHASE_STRIP = NO;
				DEBUG_INFORMATION_FORMAT = "dwarf-with-dsym";
				ENABLE_NS_ASSERTIONS = NO;
				ENABLE_STRICT_OBJC_MSGSEND = YES;
				GCC_C_LANGUAGE_STANDARD = gnu11;
				GCC_NO_COMMON_BLOCKS = YES;
				GCC_WARN_64_TO_32_BIT_CONVERSION = YES;
				GCC_WARN_ABOUT_RETURN_TYPE = YES_ERROR;
				GCC_WARN_UNDECLARED_SELECTOR = YES;
				GCC_WARN_UNINITIALIZED_AUTOS = YES_AGGRESSIVE;
				GCC_WARN_UNUSED_FUNCTION = YES;
				GCC_WARN_UNUSED_VARIABLE = YES;
				IPHONEOS_DEPLOYMENT_TARGET = 15.2;
				MTL_ENABLE_DEBUG_INFO = NO;
				MTL_FAST_MATH = YES;
				SDKROOT = iphoneos;
				SWIFT_COMPILATION_MODE = wholemodule;
				SWIFT_OPTIMIZATION_LEVEL = "-O";
				VALIDATE_PRODUCT = YES;
			};
			name = Release;
		};
		49BC74BE27FF1B4700F8E614 /* Debug */ = {
			isa = XCBuildConfiguration;
			buildSettings = {
				ASSETCATALOG_COMPILER_APPICON_NAME = AppIcon;
				ASSETCATALOG_COMPILER_GLOBAL_ACCENT_COLOR_NAME = AccentColor;
				CODE_SIGN_STYLE = Automatic;
				CURRENT_PROJECT_VERSION = 1;
				GENERATE_INFOPLIST_FILE = YES;
				INFOPLIST_FILE = abilitea/Info.plist;
				INFOPLIST_KEY_CFBundleDisplayName = Abilitea;
				INFOPLIST_KEY_UIApplicationSupportsIndirectInputEvents = YES;
				INFOPLIST_KEY_UILaunchStoryboardName = LaunchScreen;
				INFOPLIST_KEY_UIMainStoryboardFile = TutorialStoryboard;
				INFOPLIST_KEY_UISupportedInterfaceOrientations = UIInterfaceOrientationPortrait;
				INFOPLIST_KEY_UISupportedInterfaceOrientations_iPad = "UIInterfaceOrientationPortrait UIInterfaceOrientationPortraitUpsideDown UIInterfaceOrientationLandscapeLeft UIInterfaceOrientationLandscapeRight";
				INFOPLIST_KEY_UISupportedInterfaceOrientations_iPhone = "UIInterfaceOrientationPortrait UIInterfaceOrientationLandscapeLeft UIInterfaceOrientationLandscapeRight";
				LD_RUNPATH_SEARCH_PATHS = (
					"$(inherited)",
					"@executable_path/Frameworks",
				);
				MARKETING_VERSION = 1.0;
				PRODUCT_BUNDLE_IDENTIFIER = com.appledeveloperacademy.abilitea;
				PRODUCT_NAME = "$(TARGET_NAME)";
				SWIFT_EMIT_LOC_STRINGS = YES;
				SWIFT_VERSION = 5.0;
				TARGETED_DEVICE_FAMILY = "1,2";
			};
			name = Debug;
		};
		49BC74BF27FF1B4700F8E614 /* Release */ = {
			isa = XCBuildConfiguration;
			buildSettings = {
				ASSETCATALOG_COMPILER_APPICON_NAME = AppIcon;
				ASSETCATALOG_COMPILER_GLOBAL_ACCENT_COLOR_NAME = AccentColor;
				CODE_SIGN_STYLE = Automatic;
				CURRENT_PROJECT_VERSION = 1;
				GENERATE_INFOPLIST_FILE = YES;
				INFOPLIST_FILE = abilitea/Info.plist;
				INFOPLIST_KEY_CFBundleDisplayName = Abilitea;
				INFOPLIST_KEY_UIApplicationSupportsIndirectInputEvents = YES;
				INFOPLIST_KEY_UILaunchStoryboardName = LaunchScreen;
				INFOPLIST_KEY_UIMainStoryboardFile = TutorialStoryboard;
				INFOPLIST_KEY_UISupportedInterfaceOrientations = UIInterfaceOrientationPortrait;
				INFOPLIST_KEY_UISupportedInterfaceOrientations_iPad = "UIInterfaceOrientationPortrait UIInterfaceOrientationPortraitUpsideDown UIInterfaceOrientationLandscapeLeft UIInterfaceOrientationLandscapeRight";
				INFOPLIST_KEY_UISupportedInterfaceOrientations_iPhone = "UIInterfaceOrientationPortrait UIInterfaceOrientationLandscapeLeft UIInterfaceOrientationLandscapeRight";
				LD_RUNPATH_SEARCH_PATHS = (
					"$(inherited)",
					"@executable_path/Frameworks",
				);
				MARKETING_VERSION = 1.0;
				PRODUCT_BUNDLE_IDENTIFIER = com.appledeveloperacademy.abilitea;
				PRODUCT_NAME = "$(TARGET_NAME)";
				SWIFT_EMIT_LOC_STRINGS = YES;
				SWIFT_VERSION = 5.0;
				TARGETED_DEVICE_FAMILY = "1,2";
			};
			name = Release;
		};
/* End XCBuildConfiguration section */

/* Begin XCConfigurationList section */
		49BC74A427FF1B4600F8E614 /* Build configuration list for PBXProject "abilitea" */ = {
			isa = XCConfigurationList;
			buildConfigurations = (
				49BC74BB27FF1B4700F8E614 /* Debug */,
				49BC74BC27FF1B4700F8E614 /* Release */,
			);
			defaultConfigurationIsVisible = 0;
			defaultConfigurationName = Release;
		};
		49BC74BD27FF1B4700F8E614 /* Build configuration list for PBXNativeTarget "abilitea" */ = {
			isa = XCConfigurationList;
			buildConfigurations = (
				49BC74BE27FF1B4700F8E614 /* Debug */,
				49BC74BF27FF1B4700F8E614 /* Release */,
			);
			defaultConfigurationIsVisible = 0;
			defaultConfigurationName = Release;
		};
/* End XCConfigurationList section */

/* Begin XCRemoteSwiftPackageReference section */
		15BA4D2A2805D3F400C409D3 /* XCRemoteSwiftPackageReference "SnapKit" */ = {
			isa = XCRemoteSwiftPackageReference;
			repositoryURL = "https://github.com/SnapKit/SnapKit.git";
			requirement = {
				kind = upToNextMajorVersion;
				minimumVersion = 5.0.0;
			};
		};
/* End XCRemoteSwiftPackageReference section */

/* Begin XCSwiftPackageProductDependency section */
		15BA4D2B2805D3F400C409D3 /* SnapKit */ = {
			isa = XCSwiftPackageProductDependency;
			package = 15BA4D2A2805D3F400C409D3 /* XCRemoteSwiftPackageReference "SnapKit" */;
			productName = SnapKit;
		};
/* End XCSwiftPackageProductDependency section */
	};
	rootObject = 49BC74A127FF1B4600F8E614 /* Project object */;
}
